
Microsoft Visual Studio Solution File, Format Version 12.00
# Visual Studio Version 17
VisualStudioVersion = 17.0.31903.59
MinimumVisualStudioVersion = 10.0.40219.1
Project("{FAE04EC0-301F-11D3-BF4B-00C04F79EFBC}") = "CalculatorApp.Domain", "CalculatorApp.Domain\CalculatorApp.Domain.csproj", "{B4323E6C-441E-49C8-9F55-F9AC45F0F28E}"
EndProject
Project("{FAE04EC0-301F-11D3-BF4B-00C04F79EFBC}") = "CalculatorApp.Application", "CalculatorApp.Application\CalculatorApp.Application.csproj", "{1EE653C9-3C78-4CCE-99E0-6D8FF0F33F07}"
EndProject
Project("{FAE04EC0-301F-11D3-BF4B-00C04F79EFBC}") = "CalculatorApp.Interface", "CalculatorApp.Interface\CalculatorApp.Interface.csproj", "{9E7346CB-DCC2-4AF5-B51F-3195E508E0F4}"
EndProject
Global
	GlobalSection(SolutionConfigurationPlatforms) = preSolution
		Debug|Any CPU = Debug|Any CPU
		Release|Any CPU = Release|Any CPU
	EndGlobalSection
	GlobalSection(SolutionProperties) = preSolution
		HideSolutionNode = FALSE
	EndGlobalSection
	GlobalSection(ProjectConfigurationPlatforms) = postSolution
		{B4323E6C-441E-49C8-9F55-F9AC45F0F28E}.Debug|Any CPU.ActiveCfg = Debug|Any CPU
		{B4323E6C-441E-49C8-9F55-F9AC45F0F28E}.Debug|Any CPU.Build.0 = Debug|Any CPU
		{B4323E6C-441E-49C8-9F55-F9AC45F0F28E}.Release|Any CPU.ActiveCfg = Release|Any CPU
		{B4323E6C-441E-49C8-9F55-F9AC45F0F28E}.Release|Any CPU.Build.0 = Release|Any CPU
		{1EE653C9-3C78-4CCE-99E0-6D8FF0F33F07}.Debug|Any CPU.ActiveCfg = Debug|Any CPU
		{1EE653C9-3C78-4CCE-99E0-6D8FF0F33F07}.Debug|Any CPU.Build.0 = Debug|Any CPU
		{1EE653C9-3C78-4CCE-99E0-6D8FF0F33F07}.Release|Any CPU.ActiveCfg = Release|Any CPU
		{1EE653C9-3C78-4CCE-99E0-6D8FF0F33F07}.Release|Any CPU.Build.0 = Release|Any CPU
		{9E7346CB-DCC2-4AF5-B51F-3195E508E0F4}.Debug|Any CPU.ActiveCfg = Debug|Any CPU
		{9E7346CB-DCC2-4AF5-B51F-3195E508E0F4}.Debug|Any CPU.Build.0 = Debug|Any CPU
		{9E7346CB-DCC2-4AF5-B51F-3195E508E0F4}.Release|Any CPU.ActiveCfg = Release|Any CPU
		{9E7346CB-DCC2-4AF5-B51F-3195E508E0F4}.Release|Any CPU.Build.0 = Release|Any CPU
	EndGlobalSection
EndGlobal
